// !$*UTF8*$!
{
	archiveVersion = 1;
	classes = {
	};
	objectVersion = 46;
	objects = {

/* Begin PBXFileReference section */
		992DF9F31B5072E500F20043 /* Conf.py */ = {isa = PBXFileReference; fileEncoding = 4; indentWidth = 3; lastKnownFileType = text.script.python; name = Conf.py; path = ../src/Conf.py; sourceTree = "<group>"; tabWidth = 3; };
		992DF9F41B5072E500F20043 /* SeqGenUtils.py */ = {isa = PBXFileReference; fileEncoding = 4; indentWidth = 3; lastKnownFileType = text.script.python; name = SeqGenUtils.py; path = ../src/SeqGenUtils.py; sourceTree = "<group>"; tabWidth = 3; };
		992DF9F51B5072E500F20043 /* SeqGen.py */ = {isa = PBXFileReference; fileEncoding = 4; indentWidth = 3; lastKnownFileType = text.script.python; name = SeqGen.py; path = ../src/SeqGen.py; sourceTree = "<group>"; tabWidth = 3; };
		992DF9F61B5073C000F20043 /* SeqGen.yaml */ = {isa = PBXFileReference; fileEncoding = 4; indentWidth = 3; lastKnownFileType = text; name = SeqGen.yaml; path = ../conf/SeqGen.yaml; sourceTree = "<group>"; tabWidth = 3; };
/* End PBXFileReference section */

/* Begin PBXGroup section */
		992DF9E81B50727000F20043 = {
			isa = PBXGroup;
			children = (
				992DF9F31B5072E500F20043 /* Conf.py */,
				992DF9F41B5072E500F20043 /* SeqGenUtils.py */,
				992DF9F51B5072E500F20043 /* SeqGen.py */,
				992DF9F61B5073C000F20043 /* SeqGen.yaml */,
			);
			sourceTree = "<group>";
		};
/* End PBXGroup section */

/* Begin PBXLegacyTarget section */
		992DF9ED1B50727000F20043 /* Sequence Generator */ = {
			isa = PBXLegacyTarget;
			buildArgumentsString = "$(ACTION)";
			buildConfigurationList = 992DF9F01B50727000F20043 /* Build configuration list for PBXLegacyTarget "Sequence Generator" */;
			buildPhases = (
			);
			buildToolPath = /usr/bin/pyhon;
			dependencies = (
			);
			name = "Sequence Generator";
			passBuildSettingsInEnvironment = 1;
			productName = "Sequence Generator";
		};
/* End PBXLegacyTarget section */

/* Begin PBXProject section */
		992DF9E91B50727000F20043 /* Project object */ = {
			isa = PBXProject;
			attributes = {
				LastUpgradeCheck = 0630;
				ORGANIZATIONNAME = "Shweta Bhandare";
				TargetAttributes = {
					992DF9ED1B50727000F20043 = {
						CreatedOnToolsVersion = 6.3.1;
					};
				};
			};
			buildConfigurationList = 992DF9EC1B50727000F20043 /* Build configuration list for PBXProject "Sequence Generator" */;
			compatibilityVersion = "Xcode 3.2";
			developmentRegion = English;
			hasScannedForEncodings = 0;
			knownRegions = (
				en,
			);
			mainGroup = 992DF9E81B50727000F20043;
			projectDirPath = "";
			projectRoot = "";
			targets = (
				992DF9ED1B50727000F20043 /* Sequence Generator */,
			);
		};
/* End PBXProject section */

/* Begin XCBuildConfiguration section */
		992DF9EE1B50727000F20043 /* Debug */ = {
			isa = XCBuildConfiguration;
			buildSettings = {
				ALWAYS_SEARCH_USER_PATHS = NO;
				CLANG_CXX_LANGUAGE_STANDARD = "gnu++0x";
				CLANG_CXX_LIBRARY = "libc++";
				CLANG_ENABLE_MODULES = YES;
				CLANG_ENABLE_OBJC_ARC = YES;
				CLANG_WARN_BOOL_CONVERSION = YES;
				CLANG_WARN_CONSTANT_CONVERSION = YES;
				CLANG_WARN_DIRECT_OBJC_ISA_USAGE = YES_ERROR;
				CLANG_WARN_EMPTY_BODY = YES;
				CLANG_WARN_ENUM_CONVERSION = YES;
				CLANG_WARN_INT_CONVERSION = YES;
				CLANG_WARN_OBJC_ROOT_CLASS = YES_ERROR;
				CLANG_WARN_UNREACHABLE_CODE = YES;
				CLANG_WARN__DUPLICATE_METHOD_MATCH = YES;
				COPY_PHASE_STRIP = NO;
				DEBUG_INFORMATION_FORMAT = dwarf;
				ENABLE_STRICT_OBJC_MSGSEND = YES;
				GCC_C_LANGUAGE_STANDARD = gnu99;
				GCC_DYNAMIC_NO_PIC = NO;
				GCC_NO_COMMON_BLOCKS = YES;
				GCC_OPTIMIZATION_LEVEL = 0;
				GCC_PREPROCESSOR_DEFINITIONS = (
					"DEBUG=1",
					"$(inherited)",
				);
				GCC_SYMBOLS_PRIVATE_EXTERN = NO;
				GCC_WARN_64_TO_32_BIT_CONVERSION = YES;
				GCC_WARN_ABOUT_RETURN_TYPE = YES_ERROR;
				GCC_WARN_UNDECLARED_SELECTOR = YES;
				GCC_WARN_UNINITIALIZED_AUTOS = YES_AGGRESSIVE;
				GCC_WARN_UNUSED_FUNCTION = YES;
				GCC_WARN_UNUSED_VARIABLE = YES;
				MACOSX_DEPLOYMENT_TARGET = 10.10;
				MTL_ENABLE_DEBUG_INFO = YES;
				ONLY_ACTIVE_ARCH = YES;
				SDKROOT = macosx;
			};
			name = Debug;
		};
		992DF9EF1B50727000F20043 /* Release */ = {
			isa = XCBuildConfiguration;
			buildSettings = {
				ALWAYS_SEARCH_USER_PATHS = NO;
				CLANG_CXX_LANGUAGE_STANDARD = "gnu++0x";
				CLANG_CXX_LIBRARY = "libc++";
				CLANG_ENABLE_MODULES = YES;
				CLANG_ENABLE_OBJC_ARC = YES;
				CLANG_WARN_BOOL_CONVERSION = YES;
				CLANG_WARN_CONSTANT_CONVERSION = YES;
				CLANG_WARN_DIRECT_OBJC_ISA_USAGE = YES_ERROR;
				CLANG_WARN_EMPTY_BODY = YES;
				CLANG_WARN_ENUM_CONVERSION = YES;
				CLANG_WARN_INT_CONVERSION = YES;
				CLANG_WARN_OBJC_ROOT_CLASS = YES_ERROR;
				CLANG_WARN_UNREACHABLE_CODE = YES;
				CLANG_WARN__DUPLICATE_METHOD_MATCH = YES;
				COPY_PHASE_STRIP = NO;
				DEBUG_INFORMATION_FORMAT = "dwarf-with-dsym";
				ENABLE_NS_ASSERTIONS = NO;
				ENABLE_STRICT_OBJC_MSGSEND = YES;
				GCC_C_LANGUAGE_STANDARD = gnu99;
				GCC_NO_COMMON_BLOCKS = YES;
				GCC_WARN_64_TO_32_BIT_CONVERSION = YES;
				GCC_WARN_ABOUT_RETURN_TYPE = YES_ERROR;
				GCC_WARN_UNDECLARED_SELECTOR = YES;
				GCC_WARN_UNINITIALIZED_AUTOS = YES_AGGRESSIVE;
				GCC_WARN_UNUSED_FUNCTION = YES;
				GCC_WARN_UNUSED_VARIABLE = YES;
				MACOSX_DEPLOYMENT_TARGET = 10.10;
				MTL_ENABLE_DEBUG_INFO = NO;
				SDKROOT = macosx;
			};
			name = Release;
		};
		992DF9F11B50727000F20043 /* Debug */ = {
			isa = XCBuildConfiguration;
			buildSettings = {
				DEBUGGING_SYMBOLS = YES;
				GCC_GENERATE_DEBUGGING_SYMBOLS = YES;
				GCC_OPTIMIZATION_LEVEL = 0;
				OTHER_CFLAGS = "";
				OTHER_LDFLAGS = "";
				PRODUCT_NAME = "$(TARGET_NAME)";
			};
			name = Debug;
		};
		992DF9F21B50727000F20043 /* Release */ = {
			isa = XCBuildConfiguration;
			buildSettings = {
				OTHER_CFLAGS = "";
				OTHER_LDFLAGS = "";
				PRODUCT_NAME = "$(TARGET_NAME)";
			};
			name = Release;
		};
/* End XCBuildConfiguration section */

/* Begin XCConfigurationList section */
		992DF9EC1B50727000F20043 /* Build configuration list for PBXProject "Sequence Generator" */ = {
			isa = XCConfigurationList;
			buildConfigurations = (
				992DF9EE1B50727000F20043 /* Debug */,
				992DF9EF1B50727000F20043 /* Release */,
			);
			defaultConfigurationIsVisible = 0;
			defaultConfigurationName = Release;
		};
		992DF9F01B50727000F20043 /* Build configuration list for PBXLegacyTarget "Sequence Generator" */ = {
			isa = XCConfigurationList;
			buildConfigurations = (
				992DF9F11B50727000F20043 /* Debug */,
				992DF9F21B50727000F20043 /* Release */,
			);
			defaultConfigurationIsVisible = 0;
		};
/* End XCConfigurationList section */
	};
	rootObject = 992DF9E91B50727000F20043 /* Project object */;
}
